// !$*UTF8*$!
{
	archiveVersion = 1;
	classes = {
	};
	objectVersion = 48;
	objects = {

/* Begin PBXFileReference section */
		4D4A211C2026A965002176CF /* control.py */ = {isa = PBXFileReference; lastKnownFileType = text.script.python; name = control.py; path = ../control.py; sourceTree = "<group>"; };
/* End PBXFileReference section */

/* Begin PBXGroup section */
		4DC4CA021FE3A4AC004A5AB9 = {
			isa = PBXGroup;
			children = (
				4D4A211C2026A965002176CF /* control.py */,
			);
			sourceTree = "<group>";
		};
/* End PBXGroup section */

/* Begin PBXProject section */
		4DC4CA031FE3A4AC004A5AB9 /* Project object */ = {
			isa = PBXProject;
			attributes = {
				LastUpgradeCheck = 0920;
			};
			buildConfigurationList = 4DC4CA061FE3A4AC004A5AB9 /* Build configuration list for PBXProject "HomeGUI" */;
			compatibilityVersion = "Xcode 8.0";
			developmentRegion = en;
			hasScannedForEncodings = 0;
			knownRegions = (
				en,
			);
			mainGroup = 4DC4CA021FE3A4AC004A5AB9;
			projectDirPath = "";
			projectRoot = "";
			targets = (
			);
		};
/* End PBXProject section */

/* Begin XCBuildConfiguration section */
		4DC4CA071FE3A4AC004A5AB9 /* Debug */ = {
			isa = XCBuildConfiguration;
			buildSettings = {
			};
			name = Debug;
		};
		4DC4CA081FE3A4AC004A5AB9 /* Release */ = {
			isa = XCBuildConfiguration;
			buildSettings = {
			};
			name = Release;
		};
/* End XCBuildConfiguration section */

/* Begin XCConfigurationList section */
		4DC4CA061FE3A4AC004A5AB9 /* Build configuration list for PBXProject "HomeGUI" */ = {
			isa = XCConfigurationList;
			buildConfigurations = (
				4DC4CA071FE3A4AC004A5AB9 /* Debug */,
				4DC4CA081FE3A4AC004A5AB9 /* Release */,
			);
			defaultConfigurationIsVisible = 0;
			defaultConfigurationName = Release;
		};
/* End XCConfigurationList section */
	};
	rootObject = 4DC4CA031FE3A4AC004A5AB9 /* Project object */;
}
